// !$*UTF8*$!
{
	archiveVersion = 1;
	classes = {
	};
	objectVersion = 50;
	objects = {

/* Begin PBXBuildFile section */
		EF28B8A62172582C0003DDD4 /* AppDelegate.swift in Sources */ = {isa = PBXBuildFile; fileRef = EF28B8A52172582C0003DDD4 /* AppDelegate.swift */; };
		EF28B8A82172582C0003DDD4 /* ViewController.swift in Sources */ = {isa = PBXBuildFile; fileRef = EF28B8A72172582C0003DDD4 /* ViewController.swift */; };
		EF28B8AB2172582C0003DDD4 /* Main.storyboard in Resources */ = {isa = PBXBuildFile; fileRef = EF28B8A92172582C0003DDD4 /* Main.storyboard */; };
		EF28B8B02172582F0003DDD4 /* LaunchScreen.storyboard in Resources */ = {isa = PBXBuildFile; fileRef = EF28B8AE2172582F0003DDD4 /* LaunchScreen.storyboard */; };
		EF28B8BB2172582F0003DDD4 /* Ex5Tests.swift in Sources */ = {isa = PBXBuildFile; fileRef = EF28B8BA2172582F0003DDD4 /* Ex5Tests.swift */; };
		EF28B8C62172582F0003DDD4 /* Ex5UITests.swift in Sources */ = {isa = PBXBuildFile; fileRef = EF28B8C52172582F0003DDD4 /* Ex5UITests.swift */; };
		EF2FAECE2175EEFF000B56E8 /* Assets.xcassets in Resources */ = {isa = PBXBuildFile; fileRef = EF2FAECD2175EEFF000B56E8 /* Assets.xcassets */; };
		EF2FAEDA21765AF8000B56E8 /* MainViewController.swift in Sources */ = {isa = PBXBuildFile; fileRef = EF2FAED921765AF8000B56E8 /* MainViewController.swift */; };
		EF2FAEDC21765BCE000B56E8 /* MainTableViewCell.swift in Sources */ = {isa = PBXBuildFile; fileRef = EF2FAEDB21765BCE000B56E8 /* MainTableViewCell.swift */; };
		EFC9B2B221758FC800D98C3D /* IndiaViewController.swift in Sources */ = {isa = PBXBuildFile; fileRef = EFC9B2B121758FC800D98C3D /* IndiaViewController.swift */; };
		EFC9B2B42175906100D98C3D /* CustomCollectionViewCell.swift in Sources */ = {isa = PBXBuildFile; fileRef = EFC9B2B32175906100D98C3D /* CustomCollectionViewCell.swift */; };
		EFC9B2C22175C8FC00D98C3D /* CategoryViewController.swift in Sources */ = {isa = PBXBuildFile; fileRef = EFC9B2C12175C8FC00D98C3D /* CategoryViewController.swift */; };
		EFC9B2C62175D5A300D98C3D /* CategoryCollectionViewCell.swift in Sources */ = {isa = PBXBuildFile; fileRef = EFC9B2C52175D5A300D98C3D /* CategoryCollectionViewCell.swift */; };
		EFEC19752173966700E8D9DB /* CustomTableViewCell.swift in Sources */ = {isa = PBXBuildFile; fileRef = EFEC19742173966700E8D9DB /* CustomTableViewCell.swift */; };
		EFEC197921739AF100E8D9DB /* NationalViewController.swift in Sources */ = {isa = PBXBuildFile; fileRef = EFEC197821739AF100E8D9DB /* NationalViewController.swift */; };
/* End PBXBuildFile section */

/* Begin PBXContainerItemProxy section */
		EF28B8B72172582F0003DDD4 /* PBXContainerItemProxy */ = {
			isa = PBXContainerItemProxy;
			containerPortal = EF28B89A2172582C0003DDD4 /* Project object */;
			proxyType = 1;
			remoteGlobalIDString = EF28B8A12172582C0003DDD4;
			remoteInfo = Ex5;
		};
		EF28B8C22172582F0003DDD4 /* PBXContainerItemProxy */ = {
			isa = PBXContainerItemProxy;
			containerPortal = EF28B89A2172582C0003DDD4 /* Project object */;
			proxyType = 1;
			remoteGlobalIDString = EF28B8A12172582C0003DDD4;
			remoteInfo = Ex5;
		};
/* End PBXContainerItemProxy section */

/* Begin PBXFileReference section */
		EF28B8A22172582C0003DDD4 /* Ex5.app */ = {isa = PBXFileReference; explicitFileType = wrapper.application; includeInIndex = 0; path = Ex5.app; sourceTree = BUILT_PRODUCTS_DIR; };
		EF28B8A52172582C0003DDD4 /* AppDelegate.swift */ = {isa = PBXFileReference; lastKnownFileType = sourcecode.swift; path = AppDelegate.swift; sourceTree = "<group>"; };
		EF28B8A72172582C0003DDD4 /* ViewController.swift */ = {isa = PBXFileReference; lastKnownFileType = sourcecode.swift; path = ViewController.swift; sourceTree = "<group>"; };
		EF28B8AA2172582C0003DDD4 /* Base */ = {isa = PBXFileReference; lastKnownFileType = file.storyboard; name = Base; path = Base.lproj/Main.storyboard; sourceTree = "<group>"; };
		EF28B8AF2172582F0003DDD4 /* Base */ = {isa = PBXFileReference; lastKnownFileType = file.storyboard; name = Base; path = Base.lproj/LaunchScreen.storyboard; sourceTree = "<group>"; };
		EF28B8B12172582F0003DDD4 /* Info.plist */ = {isa = PBXFileReference; lastKnownFileType = text.plist.xml; path = Info.plist; sourceTree = "<group>"; };
		EF28B8B62172582F0003DDD4 /* Ex5Tests.xctest */ = {isa = PBXFileReference; explicitFileType = wrapper.cfbundle; includeInIndex = 0; path = Ex5Tests.xctest; sourceTree = BUILT_PRODUCTS_DIR; };
		EF28B8BA2172582F0003DDD4 /* Ex5Tests.swift */ = {isa = PBXFileReference; lastKnownFileType = sourcecode.swift; path = Ex5Tests.swift; sourceTree = "<group>"; };
		EF28B8BC2172582F0003DDD4 /* Info.plist */ = {isa = PBXFileReference; lastKnownFileType = text.plist.xml; path = Info.plist; sourceTree = "<group>"; };
		EF28B8C12172582F0003DDD4 /* Ex5UITests.xctest */ = {isa = PBXFileReference; explicitFileType = wrapper.cfbundle; includeInIndex = 0; path = Ex5UITests.xctest; sourceTree = BUILT_PRODUCTS_DIR; };
		EF28B8C52172582F0003DDD4 /* Ex5UITests.swift */ = {isa = PBXFileReference; lastKnownFileType = sourcecode.swift; path = Ex5UITests.swift; sourceTree = "<group>"; };
		EF28B8C72172582F0003DDD4 /* Info.plist */ = {isa = PBXFileReference; lastKnownFileType = text.plist.xml; path = Info.plist; sourceTree = "<group>"; };
		EF2FAECD2175EEFF000B56E8 /* Assets.xcassets */ = {isa = PBXFileReference; lastKnownFileType = folder.assetcatalog; path = Assets.xcassets; sourceTree = "<group>"; };
		EF2FAED921765AF8000B56E8 /* MainViewController.swift */ = {isa = PBXFileReference; lastKnownFileType = sourcecode.swift; path = MainViewController.swift; sourceTree = "<group>"; };
		EF2FAEDB21765BCE000B56E8 /* MainTableViewCell.swift */ = {isa = PBXFileReference; lastKnownFileType = sourcecode.swift; path = MainTableViewCell.swift; sourceTree = "<group>"; };
		EFC9B2B121758FC800D98C3D /* IndiaViewController.swift */ = {isa = PBXFileReference; lastKnownFileType = sourcecode.swift; path = IndiaViewController.swift; sourceTree = "<group>"; };
		EFC9B2B32175906100D98C3D /* CustomCollectionViewCell.swift */ = {isa = PBXFileReference; lastKnownFileType = sourcecode.swift; path = CustomCollectionViewCell.swift; sourceTree = "<group>"; };
		EFC9B2C12175C8FC00D98C3D /* CategoryViewController.swift */ = {isa = PBXFileReference; lastKnownFileType = sourcecode.swift; path = CategoryViewController.swift; sourceTree = "<group>"; };
		EFC9B2C52175D5A300D98C3D /* CategoryCollectionViewCell.swift */ = {isa = PBXFileReference; lastKnownFileType = sourcecode.swift; path = CategoryCollectionViewCell.swift; sourceTree = "<group>"; };
		EFEC19742173966700E8D9DB /* CustomTableViewCell.swift */ = {isa = PBXFileReference; lastKnownFileType = sourcecode.swift; path = CustomTableViewCell.swift; sourceTree = "<group>"; };
		EFEC197821739AF100E8D9DB /* NationalViewController.swift */ = {isa = PBXFileReference; lastKnownFileType = sourcecode.swift; path = NationalViewController.swift; sourceTree = "<group>"; };
/* End PBXFileReference section */

/* Begin PBXFrameworksBuildPhase section */
		EF28B89F2172582C0003DDD4 /* Frameworks */ = {
			isa = PBXFrameworksBuildPhase;
			buildActionMask = 2147483647;
			files = (
			);
			runOnlyForDeploymentPostprocessing = 0;
		};
		EF28B8B32172582F0003DDD4 /* Frameworks */ = {
			isa = PBXFrameworksBuildPhase;
			buildActionMask = 2147483647;
			files = (
			);
			runOnlyForDeploymentPostprocessing = 0;
		};
		EF28B8BE2172582F0003DDD4 /* Frameworks */ = {
			isa = PBXFrameworksBuildPhase;
			buildActionMask = 2147483647;
			files = (
			);
			runOnlyForDeploymentPostprocessing = 0;
		};
/* End PBXFrameworksBuildPhase section */

/* Begin PBXGroup section */
		EF28B8992172582C0003DDD4 = {
			isa = PBXGroup;
			children = (
				EF28B8A42172582C0003DDD4 /* Ex5 */,
				EF28B8B92172582F0003DDD4 /* Ex5Tests */,
				EF28B8C42172582F0003DDD4 /* Ex5UITests */,
				EF28B8A32172582C0003DDD4 /* Products */,
			);
			sourceTree = "<group>";
		};
		EF28B8A32172582C0003DDD4 /* Products */ = {
			isa = PBXGroup;
			children = (
				EF28B8A22172582C0003DDD4 /* Ex5.app */,
				EF28B8B62172582F0003DDD4 /* Ex5Tests.xctest */,
				EF28B8C12172582F0003DDD4 /* Ex5UITests.xctest */,
			);
			name = Products;
			sourceTree = "<group>";
		};
		EF28B8A42172582C0003DDD4 /* Ex5 */ = {
			isa = PBXGroup;
			children = (
				EF28B8A52172582C0003DDD4 /* AppDelegate.swift */,
				EF28B8A72172582C0003DDD4 /* ViewController.swift */,
				EF28B8A92172582C0003DDD4 /* Main.storyboard */,
				EF2FAECD2175EEFF000B56E8 /* Assets.xcassets */,
				EF28B8AE2172582F0003DDD4 /* LaunchScreen.storyboard */,
				EF28B8B12172582F0003DDD4 /* Info.plist */,
				EFEC197821739AF100E8D9DB /* NationalViewController.swift */,
				EFEC19742173966700E8D9DB /* CustomTableViewCell.swift */,
				EFC9B2B121758FC800D98C3D /* IndiaViewController.swift */,
				EFC9B2B32175906100D98C3D /* CustomCollectionViewCell.swift */,
				EFC9B2C12175C8FC00D98C3D /* CategoryViewController.swift */,
				EFC9B2C52175D5A300D98C3D /* CategoryCollectionViewCell.swift */,
				EF2FAED921765AF8000B56E8 /* MainViewController.swift */,
				EF2FAEDB21765BCE000B56E8 /* MainTableViewCell.swift */,
			);
			path = Ex5;
			sourceTree = "<group>";
		};
		EF28B8B92172582F0003DDD4 /* Ex5Tests */ = {
			isa = PBXGroup;
			children = (
				EF28B8BA2172582F0003DDD4 /* Ex5Tests.swift */,
				EF28B8BC2172582F0003DDD4 /* Info.plist */,
			);
			path = Ex5Tests;
			sourceTree = "<group>";
		};
		EF28B8C42172582F0003DDD4 /* Ex5UITests */ = {
			isa = PBXGroup;
			children = (
				EF28B8C52172582F0003DDD4 /* Ex5UITests.swift */,
				EF28B8C72172582F0003DDD4 /* Info.plist */,
			);
			path = Ex5UITests;
			sourceTree = "<group>";
		};
/* End PBXGroup section */

/* Begin PBXNativeTarget section */
		EF28B8A12172582C0003DDD4 /* Ex5 */ = {
			isa = PBXNativeTarget;
			buildConfigurationList = EF28B8CA2172582F0003DDD4 /* Build configuration list for PBXNativeTarget "Ex5" */;
			buildPhases = (
				EF28B89E2172582C0003DDD4 /* Sources */,
				EF28B89F2172582C0003DDD4 /* Frameworks */,
				EF28B8A02172582C0003DDD4 /* Resources */,
			);
			buildRules = (
			);
			dependencies = (
			);
			name = Ex5;
			productName = Ex5;
			productReference = EF28B8A22172582C0003DDD4 /* Ex5.app */;
			productType = "com.apple.product-type.application";
		};
		EF28B8B52172582F0003DDD4 /* Ex5Tests */ = {
			isa = PBXNativeTarget;
			buildConfigurationList = EF28B8CD2172582F0003DDD4 /* Build configuration list for PBXNativeTarget "Ex5Tests" */;
			buildPhases = (
				EF28B8B22172582F0003DDD4 /* Sources */,
				EF28B8B32172582F0003DDD4 /* Frameworks */,
				EF28B8B42172582F0003DDD4 /* Resources */,
			);
			buildRules = (
			);
			dependencies = (
				EF28B8B82172582F0003DDD4 /* PBXTargetDependency */,
			);
			name = Ex5Tests;
			productName = Ex5Tests;
			productReference = EF28B8B62172582F0003DDD4 /* Ex5Tests.xctest */;
			productType = "com.apple.product-type.bundle.unit-test";
		};
		EF28B8C02172582F0003DDD4 /* Ex5UITests */ = {
			isa = PBXNativeTarget;
			buildConfigurationList = EF28B8D02172582F0003DDD4 /* Build configuration list for PBXNativeTarget "Ex5UITests" */;
			buildPhases = (
				EF28B8BD2172582F0003DDD4 /* Sources */,
				EF28B8BE2172582F0003DDD4 /* Frameworks */,
				EF28B8BF2172582F0003DDD4 /* Resources */,
			);
			buildRules = (
			);
			dependencies = (
				EF28B8C32172582F0003DDD4 /* PBXTargetDependency */,
			);
			name = Ex5UITests;
			productName = Ex5UITests;
			productReference = EF28B8C12172582F0003DDD4 /* Ex5UITests.xctest */;
			productType = "com.apple.product-type.bundle.ui-testing";
		};
/* End PBXNativeTarget section */

/* Begin PBXProject section */
		EF28B89A2172582C0003DDD4 /* Project object */ = {
			isa = PBXProject;
			attributes = {
				LastSwiftUpdateCheck = 0940;
				LastUpgradeCheck = 0940;
				ORGANIZATIONNAME = "Hoang Son";
				TargetAttributes = {
					EF28B8A12172582C0003DDD4 = {
						CreatedOnToolsVersion = 9.4.1;
					};
					EF28B8B52172582F0003DDD4 = {
						CreatedOnToolsVersion = 9.4.1;
						TestTargetID = EF28B8A12172582C0003DDD4;
					};
					EF28B8C02172582F0003DDD4 = {
						CreatedOnToolsVersion = 9.4.1;
						TestTargetID = EF28B8A12172582C0003DDD4;
					};
				};
			};
			buildConfigurationList = EF28B89D2172582C0003DDD4 /* Build configuration list for PBXProject "Ex5" */;
			compatibilityVersion = "Xcode 9.3";
			developmentRegion = en;
			hasScannedForEncodings = 0;
			knownRegions = (
				en,
				Base,
			);
			mainGroup = EF28B8992172582C0003DDD4;
			productRefGroup = EF28B8A32172582C0003DDD4 /* Products */;
			projectDirPath = "";
			projectRoot = "";
			targets = (
				EF28B8A12172582C0003DDD4 /* Ex5 */,
				EF28B8B52172582F0003DDD4 /* Ex5Tests */,
				EF28B8C02172582F0003DDD4 /* Ex5UITests */,
			);
		};
/* End PBXProject section */

/* Begin PBXResourcesBuildPhase section */
		EF28B8A02172582C0003DDD4 /* Resources */ = {
			isa = PBXResourcesBuildPhase;
			buildActionMask = 2147483647;
			files = (
				EF28B8B02172582F0003DDD4 /* LaunchScreen.storyboard in Resources */,
				EF2FAECE2175EEFF000B56E8 /* Assets.xcassets in Resources */,
				EF28B8AB2172582C0003DDD4 /* Main.storyboard in Resources */,
			);
			runOnlyForDeploymentPostprocessing = 0;
		};
		EF28B8B42172582F0003DDD4 /* Resources */ = {
			isa = PBXResourcesBuildPhase;
			buildActionMask = 2147483647;
			files = (
			);
			runOnlyForDeploymentPostprocessing = 0;
		};
		EF28B8BF2172582F0003DDD4 /* Resources */ = {
			isa = PBXResourcesBuildPhase;
			buildActionMask = 2147483647;
			files = (
			);
			runOnlyForDeploymentPostprocessing = 0;
		};
/* End PBXResourcesBuildPhase section */

/* Begin PBXSourcesBuildPhase section */
		EF28B89E2172582C0003DDD4 /* Sources */ = {
			isa = PBXSourcesBuildPhase;
			buildActionMask = 2147483647;
			files = (
				EFC9B2C62175D5A300D98C3D /* CategoryCollectionViewCell.swift in Sources */,
				EFC9B2B221758FC800D98C3D /* IndiaViewController.swift in Sources */,
				EFC9B2B42175906100D98C3D /* CustomCollectionViewCell.swift in Sources */,
				EFC9B2C22175C8FC00D98C3D /* CategoryViewController.swift in Sources */,
				EF2FAEDC21765BCE000B56E8 /* MainTableViewCell.swift in Sources */,
				EFEC197921739AF100E8D9DB /* NationalViewController.swift in Sources */,
				EFEC19752173966700E8D9DB /* CustomTableViewCell.swift in Sources */,
				EF2FAEDA21765AF8000B56E8 /* MainViewController.swift in Sources */,
				EF28B8A82172582C0003DDD4 /* ViewController.swift in Sources */,
				EF28B8A62172582C0003DDD4 /* AppDelegate.swift in Sources */,
			);
			runOnlyForDeploymentPostprocessing = 0;
		};
		EF28B8B22172582F0003DDD4 /* Sources */ = {
			isa = PBXSourcesBuildPhase;
			buildActionMask = 2147483647;
			files = (
				EF28B8BB2172582F0003DDD4 /* Ex5Tests.swift in Sources */,
			);
			runOnlyForDeploymentPostprocessing = 0;
		};
		EF28B8BD2172582F0003DDD4 /* Sources */ = {
			isa = PBXSourcesBuildPhase;
			buildActionMask = 2147483647;
			files = (
				EF28B8C62172582F0003DDD4 /* Ex5UITests.swift in Sources */,
			);
			runOnlyForDeploymentPostprocessing = 0;
		};
/* End PBXSourcesBuildPhase section */

/* Begin PBXTargetDependency section */
		EF28B8B82172582F0003DDD4 /* PBXTargetDependency */ = {
			isa = PBXTargetDependency;
			target = EF28B8A12172582C0003DDD4 /* Ex5 */;
			targetProxy = EF28B8B72172582F0003DDD4 /* PBXContainerItemProxy */;
		};
		EF28B8C32172582F0003DDD4 /* PBXTargetDependency */ = {
			isa = PBXTargetDependency;
			target = EF28B8A12172582C0003DDD4 /* Ex5 */;
			targetProxy = EF28B8C22172582F0003DDD4 /* PBXContainerItemProxy */;
		};
/* End PBXTargetDependency section */

/* Begin PBXVariantGroup section */
		EF28B8A92172582C0003DDD4 /* Main.storyboard */ = {
			isa = PBXVariantGroup;
			children = (
				EF28B8AA2172582C0003DDD4 /* Base */,
			);
			name = Main.storyboard;
			sourceTree = "<group>";
		};
		EF28B8AE2172582F0003DDD4 /* LaunchScreen.storyboard */ = {
			isa = PBXVariantGroup;
			children = (
				EF28B8AF2172582F0003DDD4 /* Base */,
			);
			name = LaunchScreen.storyboard;
			sourceTree = "<group>";
		};
/* End PBXVariantGroup section */

/* Begin XCBuildConfiguration section */
		EF28B8C82172582F0003DDD4 /* Debug */ = {
			isa = XCBuildConfiguration;
			buildSettings = {
				ALWAYS_SEARCH_USER_PATHS = NO;
				CLANG_ANALYZER_NONNULL = YES;
				CLANG_ANALYZER_NUMBER_OBJECT_CONVERSION = YES_AGGRESSIVE;
				CLANG_CXX_LANGUAGE_STANDARD = "gnu++14";
				CLANG_CXX_LIBRARY = "libc++";
				CLANG_ENABLE_MODULES = YES;
				CLANG_ENABLE_OBJC_ARC = YES;
				CLANG_ENABLE_OBJC_WEAK = YES;
				CLANG_WARN_BLOCK_CAPTURE_AUTORELEASING = YES;
				CLANG_WARN_BOOL_CONVERSION = YES;
				CLANG_WARN_COMMA = YES;
				CLANG_WARN_CONSTANT_CONVERSION = YES;
				CLANG_WARN_DEPRECATED_OBJC_IMPLEMENTATIONS = YES;
				CLANG_WARN_DIRECT_OBJC_ISA_USAGE = YES_ERROR;
				CLANG_WARN_DOCUMENTATION_COMMENTS = YES;
				CLANG_WARN_EMPTY_BODY = YES;
				CLANG_WARN_ENUM_CONVERSION = YES;
				CLANG_WARN_INFINITE_RECURSION = YES;
				CLANG_WARN_INT_CONVERSION = YES;
				CLANG_WARN_NON_LITERAL_NULL_CONVERSION = YES;
				CLANG_WARN_OBJC_IMPLICIT_RETAIN_SELF = YES;
				CLANG_WARN_OBJC_LITERAL_CONVERSION = YES;
				CLANG_WARN_OBJC_ROOT_CLASS = YES_ERROR;
				CLANG_WARN_RANGE_LOOP_ANALYSIS = YES;
				CLANG_WARN_STRICT_PROTOTYPES = YES;
				CLANG_WARN_SUSPICIOUS_MOVE = YES;
				CLANG_WARN_UNGUARDED_AVAILABILITY = YES_AGGRESSIVE;
				CLANG_WARN_UNREACHABLE_CODE = YES;
				CLANG_WARN__DUPLICATE_METHOD_MATCH = YES;
				CODE_SIGN_IDENTITY = "iPhone Developer";
				COPY_PHASE_STRIP = NO;
				DEBUG_INFORMATION_FORMAT = dwarf;
				ENABLE_STRICT_OBJC_MSGSEND = YES;
				ENABLE_TESTABILITY = YES;
				GCC_C_LANGUAGE_STANDARD = gnu11;
				GCC_DYNAMIC_NO_PIC = NO;
				GCC_NO_COMMON_BLOCKS = YES;
				GCC_OPTIMIZATION_LEVEL = 0;
				GCC_PREPROCESSOR_DEFINITIONS = (
					"DEBUG=1",
					"$(inherited)",
				);
				GCC_WARN_64_TO_32_BIT_CONVERSION = YES;
				GCC_WARN_ABOUT_RETURN_TYPE = YES_ERROR;
				GCC_WARN_UNDECLARED_SELECTOR = YES;
				GCC_WARN_UNINITIALIZED_AUTOS = YES_AGGRESSIVE;
				GCC_WARN_UNUSED_FUNCTION = YES;
				GCC_WARN_UNUSED_VARIABLE = YES;
				IPHONEOS_DEPLOYMENT_TARGET = 11.4;
				MTL_ENABLE_DEBUG_INFO = YES;
				ONLY_ACTIVE_ARCH = YES;
				SDKROOT = iphoneos;
				SWIFT_ACTIVE_COMPILATION_CONDITIONS = DEBUG;
				SWIFT_OPTIMIZATION_LEVEL = "-Onone";
			};
			name = Debug;
		};
		EF28B8C92172582F0003DDD4 /* Release */ = {
			isa = XCBuildConfiguration;
			buildSettings = {
				ALWAYS_SEARCH_USER_PATHS = NO;
				CLANG_ANALYZER_NONNULL = YES;
				CLANG_ANALYZER_NUMBER_OBJECT_CONVERSION = YES_AGGRESSIVE;
				CLANG_CXX_LANGUAGE_STANDARD = "gnu++14";
				CLANG_CXX_LIBRARY = "libc++";
				CLANG_ENABLE_MODULES = YES;
				CLANG_ENABLE_OBJC_ARC = YES;
				CLANG_ENABLE_OBJC_WEAK = YES;
				CLANG_WARN_BLOCK_CAPTURE_AUTORELEASING = YES;
				CLANG_WARN_BOOL_CONVERSION = YES;
				CLANG_WARN_COMMA = YES;
				CLANG_WARN_CONSTANT_CONVERSION = YES;
				CLANG_WARN_DEPRECATED_OBJC_IMPLEMENTATIONS = YES;
				CLANG_WARN_DIRECT_OBJC_ISA_USAGE = YES_ERROR;
				CLANG_WARN_DOCUMENTATION_COMMENTS = YES;
				CLANG_WARN_EMPTY_BODY = YES;
				CLANG_WARN_ENUM_CONVERSION = YES;
				CLANG_WARN_INFINITE_RECURSION = YES;
				CLANG_WARN_INT_CONVERSION = YES;
				CLANG_WARN_NON_LITERAL_NULL_CONVERSION = YES;
				CLANG_WARN_OBJC_IMPLICIT_RETAIN_SELF = YES;
				CLANG_WARN_OBJC_LITERAL_CONVERSION = YES;
				CLANG_WARN_OBJC_ROOT_CLASS = YES_ERROR;
				CLANG_WARN_RANGE_LOOP_ANALYSIS = YES;
				CLANG_WARN_STRICT_PROTOTYPES = YES;
				CLANG_WARN_SUSPICIOUS_MOVE = YES;
				CLANG_WARN_UNGUARDED_AVAILABILITY = YES_AGGRESSIVE;
				CLANG_WARN_UNREACHABLE_CODE = YES;
				CLANG_WARN__DUPLICATE_METHOD_MATCH = YES;
				CODE_SIGN_IDENTITY = "iPhone Developer";
				COPY_PHASE_STRIP = NO;
				DEBUG_INFORMATION_FORMAT = "dwarf-with-dsym";
				ENABLE_NS_ASSERTIONS = NO;
				ENABLE_STRICT_OBJC_MSGSEND = YES;
				GCC_C_LANGUAGE_STANDARD = gnu11;
				GCC_NO_COMMON_BLOCKS = YES;
				GCC_WARN_64_TO_32_BIT_CONVERSION = YES;
				GCC_WARN_ABOUT_RETURN_TYPE = YES_ERROR;
				GCC_WARN_UNDECLARED_SELECTOR = YES;
				GCC_WARN_UNINITIALIZED_AUTOS = YES_AGGRESSIVE;
				GCC_WARN_UNUSED_FUNCTION = YES;
				GCC_WARN_UNUSED_VARIABLE = YES;
				IPHONEOS_DEPLOYMENT_TARGET = 11.4;
				MTL_ENABLE_DEBUG_INFO = NO;
				SDKROOT = iphoneos;
				SWIFT_COMPILATION_MODE = wholemodule;
				SWIFT_OPTIMIZATION_LEVEL = "-O";
				VALIDATE_PRODUCT = YES;
			};
			name = Release;
		};
		EF28B8CB2172582F0003DDD4 /* Debug */ = {
			isa = XCBuildConfiguration;
			buildSettings = {
				ASSETCATALOG_COMPILER_APPICON_NAME = AppIcon;
				CODE_SIGN_STYLE = Automatic;
				INFOPLIST_FILE = Ex5/Info.plist;
				LD_RUNPATH_SEARCH_PATHS = (
					"$(inherited)",
					"@executable_path/Frameworks",
				);
				PRODUCT_BUNDLE_IDENTIFIER = com.techmaster.Ex5;
				PRODUCT_NAME = "$(TARGET_NAME)";
				SWIFT_VERSION = 4.0;
				TARGETED_DEVICE_FAMILY = "1,2";
			};
			name = Debug;
		};
		EF28B8CC2172582F0003DDD4 /* Release */ = {
			isa = XCBuildConfiguration;
			buildSettings = {
				ASSETCATALOG_COMPILER_APPICON_NAME = AppIcon;
				CODE_SIGN_STYLE = Automatic;
				INFOPLIST_FILE = Ex5/Info.plist;
				LD_RUNPATH_SEARCH_PATHS = (
					"$(inherited)",
					"@executable_path/Frameworks",
				);
				PRODUCT_BUNDLE_IDENTIFIER = com.techmaster.Ex5;
				PRODUCT_NAME = "$(TARGET_NAME)";
				SWIFT_VERSION = 4.0;
				TARGETED_DEVICE_FAMILY = "1,2";
			};
			name = Release;
		};
		EF28B8CE2172582F0003DDD4 /* Debug */ = {
			isa = XCBuildConfiguration;
			buildSettings = {
				ALWAYS_EMBED_SWIFT_STANDARD_LIBRARIES = YES;
				BUNDLE_LOADER = "$(TEST_HOST)";
				CODE_SIGN_STYLE = Automatic;
				INFOPLIST_FILE = Ex5Tests/Info.plist;
				LD_RUNPATH_SEARCH_PATHS = (
					"$(inherited)",
					"@executable_path/Frameworks",
					"@loader_path/Frameworks",
				);
				PRODUCT_BUNDLE_IDENTIFIER = com.techmaster.Ex5Tests;
				PRODUCT_NAME = "$(TARGET_NAME)";
				SWIFT_VERSION = 4.0;
				TARGETED_DEVICE_FAMILY = "1,2";
				TEST_HOST = "$(BUILT_PRODUCTS_DIR)/Ex5.app/Ex5";
			};
			name = Debug;
		};
		EF28B8CF2172582F0003DDD4 /* Release */ = {
			isa = XCBuildConfiguration;
			buildSettings = {
				ALWAYS_EMBED_SWIFT_STANDARD_LIBRARIES = YES;
				BUNDLE_LOADER = "$(TEST_HOST)";
				CODE_SIGN_STYLE = Automatic;
				INFOPLIST_FILE = Ex5Tests/Info.plist;
				LD_RUNPATH_SEARCH_PATHS = (
					"$(inherited)",
					"@executable_path/Frameworks",
					"@loader_path/Frameworks",
				);
				PRODUCT_BUNDLE_IDENTIFIER = com.techmaster.Ex5Tests;
				PRODUCT_NAME = "$(TARGET_NAME)";
				SWIFT_VERSION = 4.0;
				TARGETED_DEVICE_FAMILY = "1,2";
				TEST_HOST = "$(BUILT_PRODUCTS_DIR)/Ex5.app/Ex5";
			};
			name = Release;
		};
		EF28B8D12172582F0003DDD4 /* Debug */ = {
			isa = XCBuildConfiguration;
			buildSettings = {
				ALWAYS_EMBED_SWIFT_STANDARD_LIBRARIES = YES;
				CODE_SIGN_STYLE = Automatic;
				INFOPLIST_FILE = Ex5UITests/Info.plist;
				LD_RUNPATH_SEARCH_PATHS = (
					"$(inherited)",
					"@executable_path/Frameworks",
					"@loader_path/Frameworks",
				);
				PRODUCT_BUNDLE_IDENTIFIER = com.techmaster.Ex5UITests;
				PRODUCT_NAME = "$(TARGET_NAME)";
				SWIFT_VERSION = 4.0;
				TARGETED_DEVICE_FAMILY = "1,2";
				TEST_TARGET_NAME = Ex5;
			};
			name = Debug;
		};
		EF28B8D22172582F0003DDD4 /* Release */ = {
			isa = XCBuildConfiguration;
			buildSettings = {
				ALWAYS_EMBED_SWIFT_STANDARD_LIBRARIES = YES;
				CODE_SIGN_STYLE = Automatic;
				INFOPLIST_FILE = Ex5UITests/Info.plist;
				LD_RUNPATH_SEARCH_PATHS = (
					"$(inherited)",
					"@executable_path/Frameworks",
					"@loader_path/Frameworks",
				);
				PRODUCT_BUNDLE_IDENTIFIER = com.techmaster.Ex5UITests;
				PRODUCT_NAME = "$(TARGET_NAME)";
				SWIFT_VERSION = 4.0;
				TARGETED_DEVICE_FAMILY = "1,2";
				TEST_TARGET_NAME = Ex5;
			};
			name = Release;
		};
/* End XCBuildConfiguration section */

/* Begin XCConfigurationList section */
		EF28B89D2172582C0003DDD4 /* Build configuration list for PBXProject "Ex5" */ = {
			isa = XCConfigurationList;
			buildConfigurations = (
				EF28B8C82172582F0003DDD4 /* Debug */,
				EF28B8C92172582F0003DDD4 /* Release */,
			);
			defaultConfigurationIsVisible = 0;
			defaultConfigurationName = Release;
		};
		EF28B8CA2172582F0003DDD4 /* Build configuration list for PBXNativeTarget "Ex5" */ = {
			isa = XCConfigurationList;
			buildConfigurations = (
				EF28B8CB2172582F0003DDD4 /* Debug */,
				EF28B8CC2172582F0003DDD4 /* Release */,
			);
			defaultConfigurationIsVisible = 0;
			defaultConfigurationName = Release;
		};
		EF28B8CD2172582F0003DDD4 /* Build configuration list for PBXNativeTarget "Ex5Tests" */ = {
			isa = XCConfigurationList;
			buildConfigurations = (
				EF28B8CE2172582F0003DDD4 /* Debug */,
				EF28B8CF2172582F0003DDD4 /* Release */,
			);
			defaultConfigurationIsVisible = 0;
			defaultConfigurationName = Release;
		};
		EF28B8D02172582F0003DDD4 /* Build configuration list for PBXNativeTarget "Ex5UITests" */ = {
			isa = XCConfigurationList;
			buildConfigurations = (
				EF28B8D12172582F0003DDD4 /* Debug */,
				EF28B8D22172582F0003DDD4 /* Release */,
			);
			defaultConfigurationIsVisible = 0;
			defaultConfigurationName = Release;
		};
/* End XCConfigurationList section */
	};
	rootObject = EF28B89A2172582C0003DDD4 /* Project object */;
}
